<Solution>
  <Folder Name="/Solution Items/">
    <File Path="../README.md" />
    <File Path="../CLAUDE.md" />
    <File Path="../.gitignore" />
    <File Path=".editorconfig" />
    <File Path=".gitattributes" />
    <File Path="Directory.Build.props" />
    <File Path="Directory.Packages.props" />
  </Folder>
  <Folder Name="/Domain/">
    <Project Path="Content/Domain/Domain.Common/Domain.Common.csproj" />
    <Project Path="Content/Domain/Domain.AI/Domain.AI.csproj" />
  </Folder>
  <Folder Name="/Application/">
    <Project Path="Content/Application/Application.Common/Application.Common.csproj" />
    <Project Path="Content/Application/Application.AI.Common/Application.AI.Common.csproj" />
    <Project Path="Content/Application/Application.Core/Application.Core.csproj" />
  </Folder>
  <Folder Name="/Infrastructure/">
    <Project Path="Content/Infrastructure/Infrastructure.Common/Infrastructure.Common.csproj" />
    <Project Path="Content/Infrastructure/Infrastructure.AI/Infrastructure.AI.csproj" />
    <Project Path="Content/Infrastructure/Infrastructure.APIAccess/Infrastructure.APIAccess.csproj" />
    <Project Path="Content/Infrastructure/Infrastructure.AI.Connectors/Infrastructure.AI.Connectors.csproj" />
    <Project Path="Content/Infrastructure/Infrastructure.Observability/Infrastructure.Observability.csproj" />
    <Project Path="Content/Infrastructure/Infrastructure.AI.MCP/Infrastructure.AI.MCP.csproj" />
    <Project Path="Content/Infrastructure/Infrastructure.AI.MCPServer/Infrastructure.AI.MCPServer.csproj" />
  </Folder>
  <Folder Name="/Presentation/">
    <Project Path="Content/Presentation/Presentation.Common/Presentation.Common.csproj" />
    <Project Path="Content/Presentation/Presentation.LoggerUI/Presentation.LoggerUI.csproj" />
    <Project Path="Content/Presentation/Presentation.ConsoleUI/Presentation.ConsoleUI.csproj" />
    <Project Path="Content/Presentation/Presentation.AgentHub/Presentation.AgentHub.csproj" />
    <Project Path="Content/Presentation/Presentation.WebUI/Presentation.WebUI.esproj">
      <Build />
      <Deploy Solution="Release|*" />
    </Project>
  </Folder>
  <Folder Name="/Tests/">
    <Project Path="Content/Tests/Domain.Common.Tests/Domain.Common.Tests.csproj" />
    <Project Path="Content/Tests/Domain.AI.Tests/Domain.AI.Tests.csproj" />
    <Project Path="Content/Tests/Application.Common.Tests/Application.Common.Tests.csproj" />
    <Project Path="Content/Tests/Application.AI.Common.Tests/Application.AI.Common.Tests.csproj" />
    <Project Path="Content/Tests/Application.Core.Tests/Application.Core.Tests.csproj" />
    <Project Path="Content/Tests/Infrastructure.Common.Tests/Infrastructure.Common.Tests.csproj" />
    <Project Path="Content/Tests/Infrastructure.AI.Tests/Infrastructure.AI.Tests.csproj" />
    <Project Path="Content/Tests/Infrastructure.AI.Connectors.Tests/Infrastructure.AI.Connectors.Tests.csproj" />
    <Project Path="Content/Tests/Infrastructure.AI.MCP.Tests/Infrastructure.AI.MCP.Tests.csproj" />
    <Project Path="Content/Tests/Infrastructure.AI.MCPServer.Tests/Infrastructure.AI.MCPServer.Tests.csproj" />
    <Project Path="Content/Tests/Infrastructure.APIAccess.Tests/Infrastructure.APIAccess.Tests.csproj" />
    <Project Path="Content/Tests/Infrastructure.Observability.Tests/Infrastructure.Observability.Tests.csproj" />
    <Project Path="Content/Tests/Presentation.AgentHub.Tests/Presentation.AgentHub.Tests.csproj" />
  </Folder>
</Solution>
