<Solution>
  <Folder Name="/Domain/">
    <Project Path="Content/Domain/Domain.Common/Domain.Common.csproj" />
    <Project Path="Content/Domain/Domain.AI/Domain.AI.csproj" />
  </Folder>
  <Folder Name="/Application/">
    <Project Path="Content/Application/Application.Common/Application.Common.csproj" />
    <Project Path="Content/Application/Application.AI.Common/Application.AI.Common.csproj" />
  </Folder>
  <Folder Name="/Infrastructure/">
    <Project Path="Content/Infrastructure/Infrastructure.Common/Infrastructure.Common.csproj" />
    <Project Path="Content/Infrastructure/Infrastructure.AI/Infrastructure.AI.csproj" />
    <Project Path="Content/Infrastructure/Infrastructure.APIAccess/Infrastructure.APIAccess.csproj" />
    <Project Path="Content/Infrastructure/Infrastructure.AI.Connectors/Infrastructure.AI.Connectors.csproj" />
    <Project Path="Content/Infrastructure/Infrastructure.Observability/Infrastructure.Observability.csproj" />
    <Project Path="Content/Infrastructure/Infrastructure.AI.MCP/Infrastructure.AI.MCP.csproj" />
    <Project Path="Content/Infrastructure/Infrastructure.AI.MCPServer/Infrastructure.AI.MCPServer.csproj" />
  </Folder>
</Solution>
